
Microsoft Visual Studio Solution File, Format Version 12.00
# Visual Studio Version 17
VisualStudioVersion = 17.5.33516.290
MinimumVisualStudioVersion = 10.0.40219.1
Project("{FAE04EC0-301F-11D3-BF4B-00C04F79EFBC}") = "Licensing", "Licensing\Licensing.csproj", "{8056022A-066D-43B6-BF72-0E33AD9D1684}"
EndProject
Global
	GlobalSection(SolutionConfigurationPlatforms) = preSolution
		Debug|Any CPU = Debug|Any CPU
		Release|Any CPU = Release|Any CPU
	EndGlobalSection
	GlobalSection(ProjectConfigurationPlatforms) = postSolution
		{8056022A-066D-43B6-BF72-0E33AD9D1684}.Debug|Any CPU.ActiveCfg = Debug|Any CPU
		{8056022A-066D-43B6-BF72-0E33AD9D1684}.Debug|Any CPU.Build.0 = Debug|Any CPU
		{8056022A-066D-43B6-BF72-0E33AD9D1684}.Release|Any CPU.ActiveCfg = Release|Any CPU
		{8056022A-066D-43B6-BF72-0E33AD9D1684}.Release|Any CPU.Build.0 = Release|Any CPU
	EndGlobalSection
	GlobalSection(SolutionProperties) = preSolution
		HideSolutionNode = FALSE
	EndGlobalSection
	GlobalSection(ExtensibilityGlobals) = postSolution
		SolutionGuid = {96680724-E31E-4264-859D-E047CACB9616}
	EndGlobalSection
EndGlobal
